
Microsoft Visual Studio Solution File, Format Version 12.00
# Visual Studio Version 16
VisualStudioVersion = 16.0.30717.126
MinimumVisualStudioVersion = 10.0.40219.1
Project("{FAE04EC0-301F-11D3-BF4B-00C04F79EFBC}") = "01.BasketballEquipment", "01.BasketballEquipment\01.BasketballEquipment.csproj", "{138F0898-1695-4CDE-B16A-1A0DE7A2307D}"
EndProject
Project("{FAE04EC0-301F-11D3-BF4B-00C04F79EFBC}") = "02.ShootingDay", "02.ShootingDay\02.ShootingDay.csproj", "{D6737010-E055-428D-AE82-1350D1A6B783}"
EndProject
Project("{FAE04EC0-301F-11D3-BF4B-00C04F79EFBC}") = "02.FootballScores", "02.FootballScores\02.FootballScores.csproj", "{F732893F-AA55-459D-B936-2DE5B0218455}"
EndProject
Project("{FAE04EC0-301F-11D3-BF4B-00C04F79EFBC}") = "03.RhythmicGymnastics", "03.RhythmicGymnastics\03.RhythmicGymnastics.csproj", "{8C769ADA-A16B-4BB0-9B9F-8A1FC6EEB45D}"
EndProject
Project("{FAE04EC0-301F-11D3-BF4B-00C04F79EFBC}") = "04.NumberWars", "04.NumberWars\04.NumberWars.csproj", "{B06C785A-481B-42DF-9B52-B87833B145DA}"
EndProject
Project("{FAE04EC0-301F-11D3-BF4B-00C04F79EFBC}") = "05.TennisRanklist", "05.TennisRanklist\05.TennisRanklist.csproj", "{1DFDDE0B-73D4-4303-837F-B23461C8F272}"
EndProject
Project("{FAE04EC0-301F-11D3-BF4B-00C04F79EFBC}") = "06.HighJump", "06.HighJump\06.HighJump.csproj", "{BC7D53CD-2031-4476-83BF-456290A72053}"
EndProject
Global
	GlobalSection(SolutionConfigurationPlatforms) = preSolution
		Debug|Any CPU = Debug|Any CPU
		Release|Any CPU = Release|Any CPU
	EndGlobalSection
	GlobalSection(ProjectConfigurationPlatforms) = postSolution
		{138F0898-1695-4CDE-B16A-1A0DE7A2307D}.Debug|Any CPU.ActiveCfg = Debug|Any CPU
		{138F0898-1695-4CDE-B16A-1A0DE7A2307D}.Debug|Any CPU.Build.0 = Debug|Any CPU
		{138F0898-1695-4CDE-B16A-1A0DE7A2307D}.Release|Any CPU.ActiveCfg = Release|Any CPU
		{138F0898-1695-4CDE-B16A-1A0DE7A2307D}.Release|Any CPU.Build.0 = Release|Any CPU
		{D6737010-E055-428D-AE82-1350D1A6B783}.Debug|Any CPU.ActiveCfg = Debug|Any CPU
		{D6737010-E055-428D-AE82-1350D1A6B783}.Debug|Any CPU.Build.0 = Debug|Any CPU
		{D6737010-E055-428D-AE82-1350D1A6B783}.Release|Any CPU.ActiveCfg = Release|Any CPU
		{D6737010-E055-428D-AE82-1350D1A6B783}.Release|Any CPU.Build.0 = Release|Any CPU
		{F732893F-AA55-459D-B936-2DE5B0218455}.Debug|Any CPU.ActiveCfg = Debug|Any CPU
		{F732893F-AA55-459D-B936-2DE5B0218455}.Debug|Any CPU.Build.0 = Debug|Any CPU
		{F732893F-AA55-459D-B936-2DE5B0218455}.Release|Any CPU.ActiveCfg = Release|Any CPU
		{F732893F-AA55-459D-B936-2DE5B0218455}.Release|Any CPU.Build.0 = Release|Any CPU
		{8C769ADA-A16B-4BB0-9B9F-8A1FC6EEB45D}.Debug|Any CPU.ActiveCfg = Debug|Any CPU
		{8C769ADA-A16B-4BB0-9B9F-8A1FC6EEB45D}.Debug|Any CPU.Build.0 = Debug|Any CPU
		{8C769ADA-A16B-4BB0-9B9F-8A1FC6EEB45D}.Release|Any CPU.ActiveCfg = Release|Any CPU
		{8C769ADA-A16B-4BB0-9B9F-8A1FC6EEB45D}.Release|Any CPU.Build.0 = Release|Any CPU
		{B06C785A-481B-42DF-9B52-B87833B145DA}.Debug|Any CPU.ActiveCfg = Debug|Any CPU
		{B06C785A-481B-42DF-9B52-B87833B145DA}.Debug|Any CPU.Build.0 = Debug|Any CPU
		{B06C785A-481B-42DF-9B52-B87833B145DA}.Release|Any CPU.ActiveCfg = Release|Any CPU
		{B06C785A-481B-42DF-9B52-B87833B145DA}.Release|Any CPU.Build.0 = Release|Any CPU
		{1DFDDE0B-73D4-4303-837F-B23461C8F272}.Debug|Any CPU.ActiveCfg = Debug|Any CPU
		{1DFDDE0B-73D4-4303-837F-B23461C8F272}.Debug|Any CPU.Build.0 = Debug|Any CPU
		{1DFDDE0B-73D4-4303-837F-B23461C8F272}.Release|Any CPU.ActiveCfg = Release|Any CPU
		{1DFDDE0B-73D4-4303-837F-B23461C8F272}.Release|Any CPU.Build.0 = Release|Any CPU
		{BC7D53CD-2031-4476-83BF-456290A72053}.Debug|Any CPU.ActiveCfg = Debug|Any CPU
		{BC7D53CD-2031-4476-83BF-456290A72053}.Debug|Any CPU.Build.0 = Debug|Any CPU
		{BC7D53CD-2031-4476-83BF-456290A72053}.Release|Any CPU.ActiveCfg = Release|Any CPU
		{BC7D53CD-2031-4476-83BF-456290A72053}.Release|Any CPU.Build.0 = Release|Any CPU
	EndGlobalSection
	GlobalSection(SolutionProperties) = preSolution
		HideSolutionNode = FALSE
	EndGlobalSection
	GlobalSection(ExtensibilityGlobals) = postSolution
		SolutionGuid = {F3A108D6-FA9D-4FD8-808E-E6273E99BB11}
	EndGlobalSection
EndGlobal
